
Microsoft Visual Studio Solution File, Format Version 12.00
# Visual Studio 15
VisualStudioVersion = 15.0.27703.2018
MinimumVisualStudioVersion = 10.0.40219.1
Project("{FAE04EC0-301F-11D3-BF4B-00C04F79EFBC}") = "ManualConnectedCiotola", "ManualConnectedCiotola\ManualConnectedCiotola.csproj", "{F6AD40DB-0322-452A-8156-34570B50CB48}"
EndProject
Project("{FAE04EC0-301F-11D3-BF4B-00C04F79EFBC}") = "ManualWeb", "ManualWeb\ManualWeb.csproj", "{73D289BD-4F17-4631-A8AA-C7F75AFA71F5}"
EndProject
Global
	GlobalSection(SolutionConfigurationPlatforms) = preSolution
		Debug|Any CPU = Debug|Any CPU
		Release|Any CPU = Release|Any CPU
	EndGlobalSection
	GlobalSection(ProjectConfigurationPlatforms) = postSolution
		{F6AD40DB-0322-452A-8156-34570B50CB48}.Debug|Any CPU.ActiveCfg = Debug|Any CPU
		{F6AD40DB-0322-452A-8156-34570B50CB48}.Debug|Any CPU.Build.0 = Debug|Any CPU
		{F6AD40DB-0322-452A-8156-34570B50CB48}.Release|Any CPU.ActiveCfg = Release|Any CPU
		{F6AD40DB-0322-452A-8156-34570B50CB48}.Release|Any CPU.Build.0 = Release|Any CPU
		{73D289BD-4F17-4631-A8AA-C7F75AFA71F5}.Debug|Any CPU.ActiveCfg = Debug|Any CPU
		{73D289BD-4F17-4631-A8AA-C7F75AFA71F5}.Debug|Any CPU.Build.0 = Debug|Any CPU
		{73D289BD-4F17-4631-A8AA-C7F75AFA71F5}.Release|Any CPU.ActiveCfg = Release|Any CPU
		{73D289BD-4F17-4631-A8AA-C7F75AFA71F5}.Release|Any CPU.Build.0 = Release|Any CPU
	EndGlobalSection
	GlobalSection(SolutionProperties) = preSolution
		HideSolutionNode = FALSE
	EndGlobalSection
	GlobalSection(ExtensibilityGlobals) = postSolution
		SolutionGuid = {0ACD8E58-389D-43DC-9673-B785765A2219}
	EndGlobalSection
EndGlobal
